PODS:
  - BugfenderSDK (1.13.2)
  - Flutter (1.0.0)
  - flutter_bugfender (1.2.1):
    - BugfenderSDK (~> 1.10)
    - Flutter
  - flutter_secure_storage (6.0.0):
    - Flutter

DEPENDENCIES:
  - Flutter (from `Flutter`)
  - flutter_bugfender (from `.symlinks/plugins/flutter_bugfender/ios`)
  - flutter_secure_storage (from `.symlinks/plugins/flutter_secure_storage/ios`)

SPEC REPOS:
  trunk:
    - BugfenderSDK

EXTERNAL SOURCES:
  Flutter:
    :path: Flutter
  flutter_bugfender:
    :path: ".symlinks/plugins/flutter_bugfender/ios"
  flutter_secure_storage:
    :path: ".symlinks/plugins/flutter_secure_storage/ios"

SPEC CHECKSUMS:
  BugfenderSDK: 0eb1675df86a1792ec9ab8984369e85464f851cb
  Flutter: e0871f40cf51350855a761d2e70bf5af5b9b5de7
  flutter_bugfender: c84c57981007416543532c27a6509b04935773c9
  flutter_secure_storage: 23fc622d89d073675f2eaa109381aefbcf5a49be

PODFILE CHECKSUM: 819463e6a0290f5a72f145ba7cde16e8b6ef0796

COCOAPODS: 1.15.2
